
Microsoft Visual Studio Solution File, Format Version 12.00
# Visual Studio 15
VisualStudioVersion = 15.0.25807.0
MinimumVisualStudioVersion = 10.0.40219.1
Project("{2150E333-8FDC-42A3-9474-1A3956D46DE8}") = "Engine", "Engine", "{60D4213C-1C2A-44A1-9D5B-9CDC9AC0AC18}"
EndProject
Project("{2150E333-8FDC-42A3-9474-1A3956D46DE8}") = "Games", "Games", "{D7765BAD-D98D-4741-979C-09C4A995E2B0}"
EndProject
Project("{8BC9CEB8-8B4A-11D0-8D11-00A0C91BC942}") = "UE4", "Intermediate\ProjectFiles\UE4.vcxproj", "{DB755E29-A48B-476B-866A-448992A4541B}"
EndProject
Project("{8BC9CEB8-8B4A-11D0-8D11-00A0C91BC942}") = "BuildingEscape", "Intermediate\ProjectFiles\BuildingEscape.vcxproj", "{3FE7A1C0-9CF2-4915-BE1C-56CFCACFC3C4}"
EndProject
Project("{2150E333-8FDC-42A3-9474-1A3956D46DE8}") = "Visualizers", "Visualizers", "{96EB8F75-0CC2-4BC4-A3E8-086406E2F189}"
	ProjectSection(SolutionItems) = preProject
		..\..\..\..\..\..\..\Program Files\Epic Games\UE_4.22\Engine\Extras\VisualStudioDebugging\UE4.natvis = ..\..\..\..\..\..\..\Program Files\Epic Games\UE_4.22\Engine\Extras\VisualStudioDebugging\UE4.natvis
	EndProjectSection
EndProject
Global
	GlobalSection(SolutionConfigurationPlatforms) = preSolution
		DebugGame Editor|HTML5 = DebugGame Editor|HTML5
		DebugGame Editor|IOS = DebugGame Editor|IOS
		DebugGame Editor|Win32 = DebugGame Editor|Win32
		DebugGame Editor|Win64 = DebugGame Editor|Win64
		DebugGame|HTML5 = DebugGame|HTML5
		DebugGame|IOS = DebugGame|IOS
		DebugGame|Win32 = DebugGame|Win32
		DebugGame|Win64 = DebugGame|Win64
		Development Editor|HTML5 = Development Editor|HTML5
		Development Editor|IOS = Development Editor|IOS
		Development Editor|Win32 = Development Editor|Win32
		Development Editor|Win64 = Development Editor|Win64
		Development|HTML5 = Development|HTML5
		Development|IOS = Development|IOS
		Development|Win32 = Development|Win32
		Development|Win64 = Development|Win64
		Shipping|HTML5 = Shipping|HTML5
		Shipping|IOS = Shipping|IOS
		Shipping|Win32 = Shipping|Win32
		Shipping|Win64 = Shipping|Win64
	EndGlobalSection
	GlobalSection(ProjectConfigurationPlatforms) = postSolution
		{DB755E29-A48B-476B-866A-448992A4541B}.DebugGame Editor|HTML5.ActiveCfg = BuiltWithUnrealBuildTool|Win32
		{DB755E29-A48B-476B-866A-448992A4541B}.DebugGame Editor|IOS.ActiveCfg = BuiltWithUnrealBuildTool|Win32
		{DB755E29-A48B-476B-866A-448992A4541B}.DebugGame Editor|Win32.ActiveCfg = BuiltWithUnrealBuildTool|Win32
		{DB755E29-A48B-476B-866A-448992A4541B}.DebugGame Editor|Win64.ActiveCfg = BuiltWithUnrealBuildTool|Win32
		{DB755E29-A48B-476B-866A-448992A4541B}.DebugGame|HTML5.ActiveCfg = BuiltWithUnrealBuildTool|Win32
		{DB755E29-A48B-476B-866A-448992A4541B}.DebugGame|IOS.ActiveCfg = BuiltWithUnrealBuildTool|Win32
		{DB755E29-A48B-476B-866A-448992A4541B}.DebugGame|Win32.ActiveCfg = BuiltWithUnrealBuildTool|Win32
		{DB755E29-A48B-476B-866A-448992A4541B}.DebugGame|Win64.ActiveCfg = BuiltWithUnrealBuildTool|Win32
		{DB755E29-A48B-476B-866A-448992A4541B}.Development Editor|HTML5.ActiveCfg = BuiltWithUnrealBuildTool|Win32
		{DB755E29-A48B-476B-866A-448992A4541B}.Development Editor|IOS.ActiveCfg = BuiltWithUnrealBuildTool|Win32
		{DB755E29-A48B-476B-866A-448992A4541B}.Development Editor|Win32.ActiveCfg = BuiltWithUnrealBuildTool|Win32
		{DB755E29-A48B-476B-866A-448992A4541B}.Development Editor|Win64.ActiveCfg = BuiltWithUnrealBuildTool|Win32
		{DB755E29-A48B-476B-866A-448992A4541B}.Development|HTML5.ActiveCfg = BuiltWithUnrealBuildTool|Win32
		{DB755E29-A48B-476B-866A-448992A4541B}.Development|IOS.ActiveCfg = BuiltWithUnrealBuildTool|Win32
		{DB755E29-A48B-476B-866A-448992A4541B}.Development|Win32.ActiveCfg = BuiltWithUnrealBuildTool|Win32
		{DB755E29-A48B-476B-866A-448992A4541B}.Development|Win64.ActiveCfg = BuiltWithUnrealBuildTool|Win32
		{DB755E29-A48B-476B-866A-448992A4541B}.Shipping|HTML5.ActiveCfg = BuiltWithUnrealBuildTool|Win32
		{DB755E29-A48B-476B-866A-448992A4541B}.Shipping|IOS.ActiveCfg = BuiltWithUnrealBuildTool|Win32
		{DB755E29-A48B-476B-866A-448992A4541B}.Shipping|Win32.ActiveCfg = BuiltWithUnrealBuildTool|Win32
		{DB755E29-A48B-476B-866A-448992A4541B}.Shipping|Win64.ActiveCfg = BuiltWithUnrealBuildTool|Win32
		{3FE7A1C0-9CF2-4915-BE1C-56CFCACFC3C4}.DebugGame Editor|HTML5.ActiveCfg = Invalid|Win32
		{3FE7A1C0-9CF2-4915-BE1C-56CFCACFC3C4}.DebugGame Editor|IOS.ActiveCfg = Invalid|Win32
		{3FE7A1C0-9CF2-4915-BE1C-56CFCACFC3C4}.DebugGame Editor|Win32.ActiveCfg = Invalid|Win32
		{3FE7A1C0-9CF2-4915-BE1C-56CFCACFC3C4}.DebugGame Editor|Win64.ActiveCfg = DebugGame_Editor|x64
		{3FE7A1C0-9CF2-4915-BE1C-56CFCACFC3C4}.DebugGame Editor|Win64.Build.0 = DebugGame_Editor|x64
		{3FE7A1C0-9CF2-4915-BE1C-56CFCACFC3C4}.DebugGame|HTML5.ActiveCfg = HTML5_DebugGame|Win32
		{3FE7A1C0-9CF2-4915-BE1C-56CFCACFC3C4}.DebugGame|HTML5.Build.0 = HTML5_DebugGame|Win32
		{3FE7A1C0-9CF2-4915-BE1C-56CFCACFC3C4}.DebugGame|IOS.ActiveCfg = IOS_DebugGame|Win32
		{3FE7A1C0-9CF2-4915-BE1C-56CFCACFC3C4}.DebugGame|IOS.Build.0 = IOS_DebugGame|Win32
		{3FE7A1C0-9CF2-4915-BE1C-56CFCACFC3C4}.DebugGame|Win32.ActiveCfg = DebugGame|Win32
		{3FE7A1C0-9CF2-4915-BE1C-56CFCACFC3C4}.DebugGame|Win32.Build.0 = DebugGame|Win32
		{3FE7A1C0-9CF2-4915-BE1C-56CFCACFC3C4}.DebugGame|Win64.ActiveCfg = DebugGame|x64
		{3FE7A1C0-9CF2-4915-BE1C-56CFCACFC3C4}.DebugGame|Win64.Build.0 = DebugGame|x64
		{3FE7A1C0-9CF2-4915-BE1C-56CFCACFC3C4}.Development Editor|HTML5.ActiveCfg = Invalid|Win32
		{3FE7A1C0-9CF2-4915-BE1C-56CFCACFC3C4}.Development Editor|IOS.ActiveCfg = Invalid|Win32
		{3FE7A1C0-9CF2-4915-BE1C-56CFCACFC3C4}.Development Editor|Win32.ActiveCfg = Invalid|Win32
		{3FE7A1C0-9CF2-4915-BE1C-56CFCACFC3C4}.Development Editor|Win64.ActiveCfg = Development_Editor|x64
		{3FE7A1C0-9CF2-4915-BE1C-56CFCACFC3C4}.Development Editor|Win64.Build.0 = Development_Editor|x64
		{3FE7A1C0-9CF2-4915-BE1C-56CFCACFC3C4}.Development|HTML5.ActiveCfg = HTML5_Development|Win32
		{3FE7A1C0-9CF2-4915-BE1C-56CFCACFC3C4}.Development|HTML5.Build.0 = HTML5_Development|Win32
		{3FE7A1C0-9CF2-4915-BE1C-56CFCACFC3C4}.Development|IOS.ActiveCfg = IOS_Development|Win32
		{3FE7A1C0-9CF2-4915-BE1C-56CFCACFC3C4}.Development|IOS.Build.0 = IOS_Development|Win32
		{3FE7A1C0-9CF2-4915-BE1C-56CFCACFC3C4}.Development|Win32.ActiveCfg = Development|Win32
		{3FE7A1C0-9CF2-4915-BE1C-56CFCACFC3C4}.Development|Win32.Build.0 = Development|Win32
		{3FE7A1C0-9CF2-4915-BE1C-56CFCACFC3C4}.Development|Win64.ActiveCfg = Development|x64
		{3FE7A1C0-9CF2-4915-BE1C-56CFCACFC3C4}.Development|Win64.Build.0 = Development|x64
		{3FE7A1C0-9CF2-4915-BE1C-56CFCACFC3C4}.Shipping|HTML5.ActiveCfg = HTML5_Shipping|Win32
		{3FE7A1C0-9CF2-4915-BE1C-56CFCACFC3C4}.Shipping|HTML5.Build.0 = HTML5_Shipping|Win32
		{3FE7A1C0-9CF2-4915-BE1C-56CFCACFC3C4}.Shipping|IOS.ActiveCfg = IOS_Shipping|Win32
		{3FE7A1C0-9CF2-4915-BE1C-56CFCACFC3C4}.Shipping|IOS.Build.0 = IOS_Shipping|Win32
		{3FE7A1C0-9CF2-4915-BE1C-56CFCACFC3C4}.Shipping|Win32.ActiveCfg = Shipping|Win32
		{3FE7A1C0-9CF2-4915-BE1C-56CFCACFC3C4}.Shipping|Win32.Build.0 = Shipping|Win32
		{3FE7A1C0-9CF2-4915-BE1C-56CFCACFC3C4}.Shipping|Win64.ActiveCfg = Shipping|x64
		{3FE7A1C0-9CF2-4915-BE1C-56CFCACFC3C4}.Shipping|Win64.Build.0 = Shipping|x64
	EndGlobalSection
	GlobalSection(SolutionProperties) = preSolution
		HideSolutionNode = FALSE
	EndGlobalSection
	GlobalSection(NestedProjects) = preSolution
		{DB755E29-A48B-476B-866A-448992A4541B} = {60D4213C-1C2A-44A1-9D5B-9CDC9AC0AC18}
		{3FE7A1C0-9CF2-4915-BE1C-56CFCACFC3C4} = {D7765BAD-D98D-4741-979C-09C4A995E2B0}
	EndGlobalSection
EndGlobal
